
Microsoft Visual Studio Solution File, Format Version 12.00
# Visual Studio Version 17
VisualStudioVersion = 17.1.32210.238
MinimumVisualStudioVersion = 10.0.40219.1
Project("{9A19103F-16F7-4668-BE54-9A1E7A4F7556}") = "MinecraftServer.Api", "MinecraftServer.Api\MinecraftServer.Api.csproj", "{7095BC39-4DBF-44FB-83D1-E4590C29A33E}"
EndProject
Project("{E53339B2-1760-4266-BCC7-CA923CBCF16C}") = "docker-compose", "docker-compose.dcproj", "{375959E7-A5A7-4457-A5A7-6959041C537F}"
EndProject
Project("{2150E333-8FDC-42A3-9474-1A3956D46DE8}") = "Itens de Solução", "Itens de Solução", "{4529F3B9-FD6D-4A51-9680-91F979181D40}"
	ProjectSection(SolutionItems) = preProject
		app.json = app.json
		deploy.sh = deploy.sh
	EndProjectSection
EndProject
Global
	GlobalSection(SolutionConfigurationPlatforms) = preSolution
		Debug|Any CPU = Debug|Any CPU
		Release|Any CPU = Release|Any CPU
	EndGlobalSection
	GlobalSection(ProjectConfigurationPlatforms) = postSolution
		{7095BC39-4DBF-44FB-83D1-E4590C29A33E}.Debug|Any CPU.ActiveCfg = Debug|Any CPU
		{7095BC39-4DBF-44FB-83D1-E4590C29A33E}.Debug|Any CPU.Build.0 = Debug|Any CPU
		{7095BC39-4DBF-44FB-83D1-E4590C29A33E}.Release|Any CPU.ActiveCfg = Release|Any CPU
		{7095BC39-4DBF-44FB-83D1-E4590C29A33E}.Release|Any CPU.Build.0 = Release|Any CPU
		{375959E7-A5A7-4457-A5A7-6959041C537F}.Debug|Any CPU.ActiveCfg = Debug|Any CPU
		{375959E7-A5A7-4457-A5A7-6959041C537F}.Debug|Any CPU.Build.0 = Debug|Any CPU
		{375959E7-A5A7-4457-A5A7-6959041C537F}.Release|Any CPU.ActiveCfg = Release|Any CPU
		{375959E7-A5A7-4457-A5A7-6959041C537F}.Release|Any CPU.Build.0 = Release|Any CPU
	EndGlobalSection
	GlobalSection(SolutionProperties) = preSolution
		HideSolutionNode = FALSE
	EndGlobalSection
	GlobalSection(ExtensibilityGlobals) = postSolution
		SolutionGuid = {985E4C9B-96AB-4976-8AB8-37936041DF94}
	EndGlobalSection
EndGlobal
