
Microsoft Visual Studio Solution File, Format Version 12.00
# Visual Studio Version 17
VisualStudioVersion = 17.1.32210.238
MinimumVisualStudioVersion = 10.0.40219.1
Project("{9A19103F-16F7-4668-BE54-9A1E7A4F7556}") = "MinecraftServer.Api", "MinecraftServer.Api\MinecraftServer.Api.csproj", "{7095BC39-4DBF-44FB-83D1-E4590C29A33E}"
EndProject
Project("{E53339B2-1760-4266-BCC7-CA923CBCF16C}") = "docker-compose", "docker-compose.dcproj", "{375959E7-A5A7-4457-A5A7-6959041C537F}"
EndProject
Global
	GlobalSection(SolutionConfigurationPlatforms) = preSolution
		Development|Any CPU = Development|Any CPU
		Production|Any CPU = Production|Any CPU
	EndGlobalSection
	GlobalSection(ProjectConfigurationPlatforms) = postSolution
		{7095BC39-4DBF-44FB-83D1-E4590C29A33E}.Development|Any CPU.ActiveCfg = development|Any CPU
		{7095BC39-4DBF-44FB-83D1-E4590C29A33E}.Production|Any CPU.ActiveCfg = Production|Any CPU
		{375959E7-A5A7-4457-A5A7-6959041C537F}.Development|Any CPU.ActiveCfg = Development|Any CPU
		{375959E7-A5A7-4457-A5A7-6959041C537F}.Production|Any CPU.ActiveCfg = Production|Any CPU
	EndGlobalSection
	GlobalSection(SolutionProperties) = preSolution
		HideSolutionNode = FALSE
	EndGlobalSection
	GlobalSection(ExtensibilityGlobals) = postSolution
		SolutionGuid = {985E4C9B-96AB-4976-8AB8-37936041DF94}
	EndGlobalSection
EndGlobal
