
Microsoft Visual Studio Solution File, Format Version 12.00
# Visual Studio Version 17
VisualStudioVersion = 17.1.32210.238
MinimumVisualStudioVersion = 10.0.40219.1
Project("{9A19103F-16F7-4668-BE54-9A1E7A4F7556}") = "MinecraftServer.Api", "MinecraftServer.Api\MinecraftServer.Api.csproj", "{7095BC39-4DBF-44FB-83D1-E4590C29A33E}"
EndProject
Project("{E53339B2-1760-4266-BCC7-CA923CBCF16C}") = "docker-compose", "docker-compose.dcproj", "{375959E7-A5A7-4457-A5A7-6959041C537F}"
EndProject
Project("{FAE04EC0-301F-11D3-BF4B-00C04F79EFBC}") = "MinecraftServer.Testes", "..\MinecraftServer.Testes\MinecraftServer.Testes.csproj", "{6A663DD8-3048-4A20-82EE-9D99CD90CEDA}"
EndProject
Global
	GlobalSection(SolutionConfigurationPlatforms) = preSolution
		Debug|Any CPU = Debug|Any CPU
		Release|Any CPU = Release|Any CPU
	EndGlobalSection
	GlobalSection(ProjectConfigurationPlatforms) = postSolution
		{7095BC39-4DBF-44FB-83D1-E4590C29A33E}.Debug|Any CPU.ActiveCfg = Debug|Any CPU
		{7095BC39-4DBF-44FB-83D1-E4590C29A33E}.Debug|Any CPU.Build.0 = Debug|Any CPU
		{7095BC39-4DBF-44FB-83D1-E4590C29A33E}.Release|Any CPU.ActiveCfg = Release|Any CPU
		{7095BC39-4DBF-44FB-83D1-E4590C29A33E}.Release|Any CPU.Build.0 = Release|Any CPU
		{375959E7-A5A7-4457-A5A7-6959041C537F}.Debug|Any CPU.ActiveCfg = Debug|Any CPU
		{375959E7-A5A7-4457-A5A7-6959041C537F}.Debug|Any CPU.Build.0 = Debug|Any CPU
		{375959E7-A5A7-4457-A5A7-6959041C537F}.Release|Any CPU.ActiveCfg = Release|Any CPU
		{375959E7-A5A7-4457-A5A7-6959041C537F}.Release|Any CPU.Build.0 = Release|Any CPU
		{6A663DD8-3048-4A20-82EE-9D99CD90CEDA}.Debug|Any CPU.ActiveCfg = Debug|Any CPU
		{6A663DD8-3048-4A20-82EE-9D99CD90CEDA}.Debug|Any CPU.Build.0 = Debug|Any CPU
		{6A663DD8-3048-4A20-82EE-9D99CD90CEDA}.Release|Any CPU.ActiveCfg = Release|Any CPU
		{6A663DD8-3048-4A20-82EE-9D99CD90CEDA}.Release|Any CPU.Build.0 = Release|Any CPU
	EndGlobalSection
	GlobalSection(SolutionProperties) = preSolution
		HideSolutionNode = FALSE
	EndGlobalSection
	GlobalSection(ExtensibilityGlobals) = postSolution
		SolutionGuid = {985E4C9B-96AB-4976-8AB8-37936041DF94}
	EndGlobalSection
EndGlobal
